<?xml version="1.0" encoding="utf-8"?>
<Project ToolsVersion="4.0" xmlns="http://schemas.microsoft.com/developer/msbuild/2003">
  <ItemGroup>
    <Filter Include="Source Files">
      <UniqueIdentifier>{4FC737F1-C7A5-4376-A066-2A32D752A2FF}</UniqueIdentifier>
      <Extensions>cpp;c;cc;cxx;def;odl;idl;hpj;bat;asm;asmx</Extensions>
    </Filter>
    <Filter Include="Header Files">
      <UniqueIdentifier>{93995380-89BD-4b04-88EB-625FBE52EBFB}</UniqueIdentifier>
      <Extensions>h;hpp;hxx;hm;inl;inc;xsd</Extensions>
    </Filter>
    <Filter Include="Resource Files">
      <UniqueIdentifier>{67DA6AB6-F800-4c08-8B7A-83BB121AAD01}</UniqueIdentifier>
      <Extensions>rc;ico;cur;bmp;dlg;rc2;rct;bin;rgs;gif;jpg;jpeg;jpe;resx;tiff;tif;png;wav;mfcribbon-ms</Extensions>
    </Filter>
  </ItemGroup>
  <ItemGroup>
    <ClCompile Include="primitivas.cpp">
      <Filter>Source Files</Filter>
    </ClCompile>
    <ClCompile Include="copo.cpp">
      <Filter>Source Files</Filter>
    </ClCompile>
    <ClCompile Include="Objetos.cpp">
      <Filter>Source Files</Filter>
    </ClCompile>
    <ClCompile Include="main.cpp">
      <Filter>Source Files</Filter>
    </ClCompile>
    <ClCompile Include="Bar.cpp">
      <Filter>Source Files</Filter>
    </ClCompile>
    <ClCompile Include="mesa.cpp">
      <Filter>Source Files</Filter>
    </ClCompile>
    <ClCompile Include="Esfera.cpp">
      <Filter>Source Files</Filter>
    </ClCompile>
    <ClCompile Include="Cubo.cpp">
      <Filter>Source Files</Filter>
    </ClCompile>
    <ClCompile Include="Plano.cpp">
      <Filter>Source Files</Filter>
    </ClCompile>
    <ClCompile Include="Cilindro.cpp">
      <Filter>Source Files</Filter>
    </ClCompile>
    <ClCompile Include="Cone.cpp">
      <Filter>Source Files</Filter>
    </ClCompile>
    <ClCompile Include="cadeiraVBO.cpp">
      <Filter>Source Files</Filter>
    </ClCompile>
    <ClCompile Include="CandeeirosVBO.cpp">
      <Filter>Source Files</Filter>
    </ClCompile>
    <ClCompile Include="Sofa.cpp">
      <Filter>Source Files</Filter>
    </ClCompile>
    <ClCompile Include="MesaQuadrada.cpp">
      <Filter>Source Files</Filter>
    </ClCompile>
    <ClCompile Include="MesaRedonda.cpp">
      <Filter>Source Files</Filter>
    </ClCompile>
    <ClCompile Include="BancoBalcao.cpp">
      <Filter>Source Files</Filter>
    </ClCompile>
    <ClCompile Include="BarVBO.cpp">
      <Filter>Source Files</Filter>
    </ClCompile>
    <ClCompile Include="Bilhar.cpp">
      <Filter>Source Files</Filter>
    </ClCompile>
    <ClCompile Include="GarrafaAgua.cpp">
      <Filter>Source Files</Filter>
    </ClCompile>
  </ItemGroup>
  <ItemGroup>
    <ClInclude Include="primitivas.h">
      <Filter>Header Files</Filter>
    </ClInclude>
    <ClInclude Include="copo.h">
      <Filter>Header Files</Filter>
    </ClInclude>
    <ClInclude Include="Objetos.h">
      <Filter>Header Files</Filter>
    </ClInclude>
    <ClInclude Include="Bar.h">
      <Filter>Header Files</Filter>
    </ClInclude>
    <ClInclude Include="mesa.h">
      <Filter>Header Files</Filter>
    </ClInclude>
    <ClInclude Include="Esfera.h">
      <Filter>Header Files</Filter>
    </ClInclude>
    <ClInclude Include="Cubo.h">
      <Filter>Header Files</Filter>
    </ClInclude>
    <ClInclude Include="Plano.h">
      <Filter>Header Files</Filter>
    </ClInclude>
    <ClInclude Include="Cilindro.h">
      <Filter>Header Files</Filter>
    </ClInclude>
    <ClInclude Include="Cone.h">
      <Filter>Header Files</Filter>
    </ClInclude>
    <ClInclude Include="cadeiras.h">
      <Filter>Header Files</Filter>
    </ClInclude>
    <ClInclude Include="cadeiraVBO.h">
      <Filter>Header Files</Filter>
    </ClInclude>
    <ClInclude Include="CandeeirosVBO.h">
      <Filter>Header Files</Filter>
    </ClInclude>
    <ClInclude Include="Sofa.h">
      <Filter>Header Files</Filter>
    </ClInclude>
    <ClInclude Include="MesaQuadrada.h">
      <Filter>Header Files</Filter>
    </ClInclude>
    <ClInclude Include="MesaRedonda.h">
      <Filter>Header Files</Filter>
    </ClInclude>
    <ClInclude Include="BancoBalcao.h">
      <Filter>Header Files</Filter>
    </ClInclude>
    <ClInclude Include="BarVBO.h">
      <Filter>Header Files</Filter>
    </ClInclude>
    <ClInclude Include="Bilhar.h">
      <Filter>Header Files</Filter>
    </ClInclude>
    <ClInclude Include="GarrafaAgua.h">
      <Filter>Header Files</Filter>
    </ClInclude>
  </ItemGroup>
</Project>